
Microsoft Visual Studio Solution File, Format Version 12.00
# Visual Studio Version 17
VisualStudioVersion = 17.0.32112.339
MinimumVisualStudioVersion = 10.0.40219.1
Project("{FAE04EC0-301F-11D3-BF4B-00C04F79EFBC}") = "CountryApp", "CountryApp\CountryApp.csproj", "{7ED63DDF-F3FD-4764-9303-DF0D3C3FE9B9}"
EndProject
Global
	GlobalSection(SolutionConfigurationPlatforms) = preSolution
		Debug|Any CPU = Debug|Any CPU
		Release|Any CPU = Release|Any CPU
	EndGlobalSection
	GlobalSection(ProjectConfigurationPlatforms) = postSolution
		{7ED63DDF-F3FD-4764-9303-DF0D3C3FE9B9}.Debug|Any CPU.ActiveCfg = Debug|Any CPU
		{7ED63DDF-F3FD-4764-9303-DF0D3C3FE9B9}.Debug|Any CPU.Build.0 = Debug|Any CPU
		{7ED63DDF-F3FD-4764-9303-DF0D3C3FE9B9}.Release|Any CPU.ActiveCfg = Release|Any CPU
		{7ED63DDF-F3FD-4764-9303-DF0D3C3FE9B9}.Release|Any CPU.Build.0 = Release|Any CPU
	EndGlobalSection
	GlobalSection(SolutionProperties) = preSolution
		HideSolutionNode = FALSE
	EndGlobalSection
	GlobalSection(ExtensibilityGlobals) = postSolution
		SolutionGuid = {2CFD4177-E049-4FB7-88D6-8875050EAA28}
	EndGlobalSection
EndGlobal
